// !$*UTF8*$!
{
	archiveVersion = 1;
	classes = {
	};
	objectVersion = 50;
	objects = {

/* Begin PBXBuildFile section */
		665944E926414BFE00C474A8 /* AppDelegate.swift in Sources */ = {isa = PBXBuildFile; fileRef = 665944E826414BFE00C474A8 /* AppDelegate.swift */; };
		665944EB26414BFE00C474A8 /* SceneDelegate.swift in Sources */ = {isa = PBXBuildFile; fileRef = 665944EA26414BFE00C474A8 /* SceneDelegate.swift */; };
		665944ED26414BFE00C474A8 /* ViewController.swift in Sources */ = {isa = PBXBuildFile; fileRef = 665944EC26414BFE00C474A8 /* ViewController.swift */; };
		665944F026414BFE00C474A8 /* Main.storyboard in Resources */ = {isa = PBXBuildFile; fileRef = 665944EE26414BFE00C474A8 /* Main.storyboard */; };
		665944F226414BFF00C474A8 /* Assets.xcassets in Resources */ = {isa = PBXBuildFile; fileRef = 665944F126414BFF00C474A8 /* Assets.xcassets */; };
		665944F526414BFF00C474A8 /* LaunchScreen.storyboard in Resources */ = {isa = PBXBuildFile; fileRef = 665944F326414BFF00C474A8 /* LaunchScreen.storyboard */; };
		665944FF26414D8E00C474A8 /* QueryService.swift in Sources */ = {isa = PBXBuildFile; fileRef = 665944FE26414D8E00C474A8 /* QueryService.swift */; };
		6659450426414FE600C474A8 /* Drinks.swift in Sources */ = {isa = PBXBuildFile; fileRef = 6659450326414FE600C474A8 /* Drinks.swift */; };
		66AFE0952643CD8C009D5933 /* ErrorResponse.swift in Sources */ = {isa = PBXBuildFile; fileRef = 66AFE0942643CD8C009D5933 /* ErrorResponse.swift */; };
		66AFE09F2643E423009D5933 /* EndPointType.swift in Sources */ = {isa = PBXBuildFile; fileRef = 66AFE09E2643E423009D5933 /* EndPointType.swift */; };
		66AFE0A22643E4FB009D5933 /* HTTPMethod.swift in Sources */ = {isa = PBXBuildFile; fileRef = 66AFE0A12643E4FB009D5933 /* HTTPMethod.swift */; };
		66AFE0A52643E5BA009D5933 /* HTTPTask.swift in Sources */ = {isa = PBXBuildFile; fileRef = 66AFE0A42643E5BA009D5933 /* HTTPTask.swift */; };
		66AFE0A92643E724009D5933 /* ParameterEncoding.swift in Sources */ = {isa = PBXBuildFile; fileRef = 66AFE0A82643E724009D5933 /* ParameterEncoding.swift */; };
		66AFE0AC2643EFE1009D5933 /* URLParameterEncoder.swift in Sources */ = {isa = PBXBuildFile; fileRef = 66AFE0AB2643EFE1009D5933 /* URLParameterEncoder.swift */; };
		66AFE0B02643F3FD009D5933 /* JSONParameterEncoder.swift in Sources */ = {isa = PBXBuildFile; fileRef = 66AFE0AF2643F3FD009D5933 /* JSONParameterEncoder.swift */; };
		66AFE0B32643F4F4009D5933 /* NetworkRouter.swift in Sources */ = {isa = PBXBuildFile; fileRef = 66AFE0B22643F4F4009D5933 /* NetworkRouter.swift */; };
		66AFE0B62643F5C9009D5933 /* Router.swift in Sources */ = {isa = PBXBuildFile; fileRef = 66AFE0B52643F5C9009D5933 /* Router.swift */; };
		66AFE0BA2644C3ED009D5933 /* DrinkEndPoint.swift in Sources */ = {isa = PBXBuildFile; fileRef = 66AFE0B92644C3ED009D5933 /* DrinkEndPoint.swift */; };
		66AFE0BE2644C8BD009D5933 /* NetworkManager.swift in Sources */ = {isa = PBXBuildFile; fileRef = 66AFE0BD2644C8BD009D5933 /* NetworkManager.swift */; };
		66AFE0C526451F2F009D5933 /* NetworkLogger.swift in Sources */ = {isa = PBXBuildFile; fileRef = 66AFE0C426451F2F009D5933 /* NetworkLogger.swift */; };
		66EFD10026424F1800308A9A /* ViewModel.swift in Sources */ = {isa = PBXBuildFile; fileRef = 66EFD0FF26424F1800308A9A /* ViewModel.swift */; };
		66EFD107264251AA00308A9A /* DrinkTableViewCell.swift in Sources */ = {isa = PBXBuildFile; fileRef = 66EFD105264251AA00308A9A /* DrinkTableViewCell.swift */; };
		66EFD108264251AA00308A9A /* DrinkTableViewCell.xib in Resources */ = {isa = PBXBuildFile; fileRef = 66EFD106264251AA00308A9A /* DrinkTableViewCell.xib */; };
		66EFD11426428D4600308A9A /* UIImageView+Extention.swift in Sources */ = {isa = PBXBuildFile; fileRef = 66EFD11326428D4600308A9A /* UIImageView+Extention.swift */; };
		66EFD11A2642988F00308A9A /* Download.swift in Sources */ = {isa = PBXBuildFile; fileRef = 66EFD1192642988F00308A9A /* Download.swift */; };
		66EFD11E26429BCB00308A9A /* DownloadService.swift in Sources */ = {isa = PBXBuildFile; fileRef = 66EFD11D26429BCB00308A9A /* DownloadService.swift */; };
/* End PBXBuildFile section */

/* Begin PBXFileReference section */
		665944E526414BFE00C474A8 /* W8-URLSession.app */ = {isa = PBXFileReference; explicitFileType = wrapper.application; includeInIndex = 0; path = "W8-URLSession.app"; sourceTree = BUILT_PRODUCTS_DIR; };
		665944E826414BFE00C474A8 /* AppDelegate.swift */ = {isa = PBXFileReference; lastKnownFileType = sourcecode.swift; path = AppDelegate.swift; sourceTree = "<group>"; };
		665944EA26414BFE00C474A8 /* SceneDelegate.swift */ = {isa = PBXFileReference; lastKnownFileType = sourcecode.swift; path = SceneDelegate.swift; sourceTree = "<group>"; };
		665944EC26414BFE00C474A8 /* ViewController.swift */ = {isa = PBXFileReference; lastKnownFileType = sourcecode.swift; path = ViewController.swift; sourceTree = "<group>"; };
		665944EF26414BFE00C474A8 /* Base */ = {isa = PBXFileReference; lastKnownFileType = file.storyboard; name = Base; path = Base.lproj/Main.storyboard; sourceTree = "<group>"; };
		665944F126414BFF00C474A8 /* Assets.xcassets */ = {isa = PBXFileReference; lastKnownFileType = folder.assetcatalog; path = Assets.xcassets; sourceTree = "<group>"; };
		665944F426414BFF00C474A8 /* Base */ = {isa = PBXFileReference; lastKnownFileType = file.storyboard; name = Base; path = Base.lproj/LaunchScreen.storyboard; sourceTree = "<group>"; };
		665944F626414BFF00C474A8 /* Info.plist */ = {isa = PBXFileReference; lastKnownFileType = text.plist.xml; path = Info.plist; sourceTree = "<group>"; };
		665944FE26414D8E00C474A8 /* QueryService.swift */ = {isa = PBXFileReference; lastKnownFileType = sourcecode.swift; path = QueryService.swift; sourceTree = "<group>"; };
		6659450326414FE600C474A8 /* Drinks.swift */ = {isa = PBXFileReference; lastKnownFileType = sourcecode.swift; path = Drinks.swift; sourceTree = "<group>"; };
		66AFE0942643CD8C009D5933 /* ErrorResponse.swift */ = {isa = PBXFileReference; lastKnownFileType = sourcecode.swift; path = ErrorResponse.swift; sourceTree = "<group>"; };
		66AFE09E2643E423009D5933 /* EndPointType.swift */ = {isa = PBXFileReference; lastKnownFileType = sourcecode.swift; path = EndPointType.swift; sourceTree = "<group>"; };
		66AFE0A12643E4FB009D5933 /* HTTPMethod.swift */ = {isa = PBXFileReference; lastKnownFileType = sourcecode.swift; path = HTTPMethod.swift; sourceTree = "<group>"; };
		66AFE0A42643E5BA009D5933 /* HTTPTask.swift */ = {isa = PBXFileReference; lastKnownFileType = sourcecode.swift; path = HTTPTask.swift; sourceTree = "<group>"; };
		66AFE0A82643E724009D5933 /* ParameterEncoding.swift */ = {isa = PBXFileReference; lastKnownFileType = sourcecode.swift; path = ParameterEncoding.swift; sourceTree = "<group>"; };
		66AFE0AB2643EFE1009D5933 /* URLParameterEncoder.swift */ = {isa = PBXFileReference; lastKnownFileType = sourcecode.swift; path = URLParameterEncoder.swift; sourceTree = "<group>"; };
		66AFE0AF2643F3FD009D5933 /* JSONParameterEncoder.swift */ = {isa = PBXFileReference; lastKnownFileType = sourcecode.swift; path = JSONParameterEncoder.swift; sourceTree = "<group>"; };
		66AFE0B22643F4F4009D5933 /* NetworkRouter.swift */ = {isa = PBXFileReference; lastKnownFileType = sourcecode.swift; path = NetworkRouter.swift; sourceTree = "<group>"; };
		66AFE0B52643F5C9009D5933 /* Router.swift */ = {isa = PBXFileReference; lastKnownFileType = sourcecode.swift; path = Router.swift; sourceTree = "<group>"; };
		66AFE0B92644C3ED009D5933 /* DrinkEndPoint.swift */ = {isa = PBXFileReference; lastKnownFileType = sourcecode.swift; path = DrinkEndPoint.swift; sourceTree = "<group>"; };
		66AFE0BD2644C8BD009D5933 /* NetworkManager.swift */ = {isa = PBXFileReference; lastKnownFileType = sourcecode.swift; path = NetworkManager.swift; sourceTree = "<group>"; };
		66AFE0C426451F2F009D5933 /* NetworkLogger.swift */ = {isa = PBXFileReference; lastKnownFileType = sourcecode.swift; path = NetworkLogger.swift; sourceTree = "<group>"; };
		66EFD0FF26424F1800308A9A /* ViewModel.swift */ = {isa = PBXFileReference; lastKnownFileType = sourcecode.swift; path = ViewModel.swift; sourceTree = "<group>"; };
		66EFD105264251AA00308A9A /* DrinkTableViewCell.swift */ = {isa = PBXFileReference; lastKnownFileType = sourcecode.swift; path = DrinkTableViewCell.swift; sourceTree = "<group>"; };
		66EFD106264251AA00308A9A /* DrinkTableViewCell.xib */ = {isa = PBXFileReference; lastKnownFileType = file.xib; path = DrinkTableViewCell.xib; sourceTree = "<group>"; };
		66EFD11326428D4600308A9A /* UIImageView+Extention.swift */ = {isa = PBXFileReference; lastKnownFileType = sourcecode.swift; path = "UIImageView+Extention.swift"; sourceTree = "<group>"; };
		66EFD1192642988F00308A9A /* Download.swift */ = {isa = PBXFileReference; lastKnownFileType = sourcecode.swift; path = Download.swift; sourceTree = "<group>"; };
		66EFD11D26429BCB00308A9A /* DownloadService.swift */ = {isa = PBXFileReference; lastKnownFileType = sourcecode.swift; path = DownloadService.swift; sourceTree = "<group>"; };
/* End PBXFileReference section */

/* Begin PBXFrameworksBuildPhase section */
		665944E226414BFE00C474A8 /* Frameworks */ = {
			isa = PBXFrameworksBuildPhase;
			buildActionMask = 2147483647;
			files = (
			);
			runOnlyForDeploymentPostprocessing = 0;
		};
/* End PBXFrameworksBuildPhase section */

/* Begin PBXGroup section */
		665944DC26414BFE00C474A8 = {
			isa = PBXGroup;
			children = (
				665944E726414BFE00C474A8 /* W8-URLSession */,
				665944E626414BFE00C474A8 /* Products */,
			);
			sourceTree = "<group>";
		};
		665944E626414BFE00C474A8 /* Products */ = {
			isa = PBXGroup;
			children = (
				665944E526414BFE00C474A8 /* W8-URLSession.app */,
			);
			name = Products;
			sourceTree = "<group>";
		};
		665944E726414BFE00C474A8 /* W8-URLSession */ = {
			isa = PBXGroup;
			children = (
				66EFD11226428D0700308A9A /* Extention */,
				66EFD1032642517B00308A9A /* Part */,
				66EFD1022642516800308A9A /* ViewModel */,
				665944FD26414D7700C474A8 /* Data */,
				665944E826414BFE00C474A8 /* AppDelegate.swift */,
				665944EA26414BFE00C474A8 /* SceneDelegate.swift */,
				665944EC26414BFE00C474A8 /* ViewController.swift */,
				665944EE26414BFE00C474A8 /* Main.storyboard */,
				665944F126414BFF00C474A8 /* Assets.xcassets */,
				665944F326414BFF00C474A8 /* LaunchScreen.storyboard */,
				665944F626414BFF00C474A8 /* Info.plist */,
			);
			path = "W8-URLSession";
			sourceTree = "<group>";
		};
		665944FD26414D7700C474A8 /* Data */ = {
			isa = PBXGroup;
			children = (
				66EFD0FA2642456700308A9A /* Networking */,
				6659450226414FCF00C474A8 /* Model */,
			);
			path = Data;
			sourceTree = "<group>";
		};
		6659450226414FCF00C474A8 /* Model */ = {
			isa = PBXGroup;
			children = (
				6659450326414FE600C474A8 /* Drinks.swift */,
				66EFD1192642988F00308A9A /* Download.swift */,
			);
			path = Model;
			sourceTree = "<group>";
		};
		66AFE0992643E37F009D5933 /* EndPoint */ = {
			isa = PBXGroup;
			children = (
				66AFE0B92644C3ED009D5933 /* DrinkEndPoint.swift */,
			);
			path = EndPoint;
			sourceTree = "<group>";
		};
		66AFE09A2643E3A1009D5933 /* Service */ = {
			isa = PBXGroup;
			children = (
				66AFE09E2643E423009D5933 /* EndPointType.swift */,
				66AFE0A12643E4FB009D5933 /* HTTPMethod.swift */,
				66AFE0A42643E5BA009D5933 /* HTTPTask.swift */,
				66AFE0B22643F4F4009D5933 /* NetworkRouter.swift */,
				66AFE0B52643F5C9009D5933 /* Router.swift */,
				66AFE0C426451F2F009D5933 /* NetworkLogger.swift */,
			);
			path = Service;
			sourceTree = "<group>";
		};
		66AFE09B2643E3B0009D5933 /* Manager */ = {
			isa = PBXGroup;
			children = (
				66AFE0BD2644C8BD009D5933 /* NetworkManager.swift */,
			);
			path = Manager;
			sourceTree = "<group>";
		};
		66AFE09C2643E3CE009D5933 /* Encoding */ = {
			isa = PBXGroup;
			children = (
				66AFE0A82643E724009D5933 /* ParameterEncoding.swift */,
				66AFE0AB2643EFE1009D5933 /* URLParameterEncoder.swift */,
				66AFE0AF2643F3FD009D5933 /* JSONParameterEncoder.swift */,
			);
			path = Encoding;
			sourceTree = "<group>";
		};
		66EFD0FA2642456700308A9A /* Networking */ = {
			isa = PBXGroup;
			children = (
				66AFE09C2643E3CE009D5933 /* Encoding */,
				66AFE09B2643E3B0009D5933 /* Manager */,
				66AFE09A2643E3A1009D5933 /* Service */,
				66AFE0992643E37F009D5933 /* EndPoint */,
				665944FE26414D8E00C474A8 /* QueryService.swift */,
				66EFD11D26429BCB00308A9A /* DownloadService.swift */,
				66AFE0942643CD8C009D5933 /* ErrorResponse.swift */,
			);
			path = Networking;
			sourceTree = "<group>";
		};
		66EFD1022642516800308A9A /* ViewModel */ = {
			isa = PBXGroup;
			children = (
				66EFD0FF26424F1800308A9A /* ViewModel.swift */,
			);
			path = ViewModel;
			sourceTree = "<group>";
		};
		66EFD1032642517B00308A9A /* Part */ = {
			isa = PBXGroup;
			children = (
				66EFD1042642518300308A9A /* Cell */,
			);
			path = Part;
			sourceTree = "<group>";
		};
		66EFD1042642518300308A9A /* Cell */ = {
			isa = PBXGroup;
			children = (
				66EFD105264251AA00308A9A /* DrinkTableViewCell.swift */,
				66EFD106264251AA00308A9A /* DrinkTableViewCell.xib */,
			);
			path = Cell;
			sourceTree = "<group>";
		};
		66EFD11226428D0700308A9A /* Extention */ = {
			isa = PBXGroup;
			children = (
				66EFD11326428D4600308A9A /* UIImageView+Extention.swift */,
			);
			path = Extention;
			sourceTree = "<group>";
		};
/* End PBXGroup section */

/* Begin PBXNativeTarget section */
		665944E426414BFE00C474A8 /* W8-URLSession */ = {
			isa = PBXNativeTarget;
			buildConfigurationList = 665944F926414BFF00C474A8 /* Build configuration list for PBXNativeTarget "W8-URLSession" */;
			buildPhases = (
				665944E126414BFE00C474A8 /* Sources */,
				665944E226414BFE00C474A8 /* Frameworks */,
				665944E326414BFE00C474A8 /* Resources */,
			);
			buildRules = (
			);
			dependencies = (
			);
			name = "W8-URLSession";
			productName = "W8-URLSession";
			productReference = 665944E526414BFE00C474A8 /* W8-URLSession.app */;
			productType = "com.apple.product-type.application";
		};
/* End PBXNativeTarget section */

/* Begin PBXProject section */
		665944DD26414BFE00C474A8 /* Project object */ = {
			isa = PBXProject;
			attributes = {
				LastSwiftUpdateCheck = 1240;
				LastUpgradeCheck = 1240;
				TargetAttributes = {
					665944E426414BFE00C474A8 = {
						CreatedOnToolsVersion = 12.4;
					};
				};
			};
			buildConfigurationList = 665944E026414BFE00C474A8 /* Build configuration list for PBXProject "W8-URLSession" */;
			compatibilityVersion = "Xcode 9.3";
			developmentRegion = en;
			hasScannedForEncodings = 0;
			knownRegions = (
				en,
				Base,
			);
			mainGroup = 665944DC26414BFE00C474A8;
			productRefGroup = 665944E626414BFE00C474A8 /* Products */;
			projectDirPath = "";
			projectRoot = "";
			targets = (
				665944E426414BFE00C474A8 /* W8-URLSession */,
			);
		};
/* End PBXProject section */

/* Begin PBXResourcesBuildPhase section */
		665944E326414BFE00C474A8 /* Resources */ = {
			isa = PBXResourcesBuildPhase;
			buildActionMask = 2147483647;
			files = (
				665944F526414BFF00C474A8 /* LaunchScreen.storyboard in Resources */,
				665944F226414BFF00C474A8 /* Assets.xcassets in Resources */,
				66EFD108264251AA00308A9A /* DrinkTableViewCell.xib in Resources */,
				665944F026414BFE00C474A8 /* Main.storyboard in Resources */,
			);
			runOnlyForDeploymentPostprocessing = 0;
		};
/* End PBXResourcesBuildPhase section */

/* Begin PBXSourcesBuildPhase section */
		665944E126414BFE00C474A8 /* Sources */ = {
			isa = PBXSourcesBuildPhase;
			buildActionMask = 2147483647;
			files = (
				66AFE0A52643E5BA009D5933 /* HTTPTask.swift in Sources */,
				66EFD11A2642988F00308A9A /* Download.swift in Sources */,
				66EFD11426428D4600308A9A /* UIImageView+Extention.swift in Sources */,
				66AFE0BE2644C8BD009D5933 /* NetworkManager.swift in Sources */,
				66EFD107264251AA00308A9A /* DrinkTableViewCell.swift in Sources */,
				665944FF26414D8E00C474A8 /* QueryService.swift in Sources */,
				665944ED26414BFE00C474A8 /* ViewController.swift in Sources */,
				66AFE0B62643F5C9009D5933 /* Router.swift in Sources */,
				66EFD11E26429BCB00308A9A /* DownloadService.swift in Sources */,
				6659450426414FE600C474A8 /* Drinks.swift in Sources */,
				66AFE0C526451F2F009D5933 /* NetworkLogger.swift in Sources */,
				66AFE0AC2643EFE1009D5933 /* URLParameterEncoder.swift in Sources */,
				66AFE0952643CD8C009D5933 /* ErrorResponse.swift in Sources */,
				66AFE09F2643E423009D5933 /* EndPointType.swift in Sources */,
				665944E926414BFE00C474A8 /* AppDelegate.swift in Sources */,
				66AFE0A22643E4FB009D5933 /* HTTPMethod.swift in Sources */,
				66AFE0A92643E724009D5933 /* ParameterEncoding.swift in Sources */,
				66AFE0B02643F3FD009D5933 /* JSONParameterEncoder.swift in Sources */,
				66EFD10026424F1800308A9A /* ViewModel.swift in Sources */,
				665944EB26414BFE00C474A8 /* SceneDelegate.swift in Sources */,
				66AFE0B32643F4F4009D5933 /* NetworkRouter.swift in Sources */,
				66AFE0BA2644C3ED009D5933 /* DrinkEndPoint.swift in Sources */,
			);
			runOnlyForDeploymentPostprocessing = 0;
		};
/* End PBXSourcesBuildPhase section */

/* Begin PBXVariantGroup section */
		665944EE26414BFE00C474A8 /* Main.storyboard */ = {
			isa = PBXVariantGroup;
			children = (
				665944EF26414BFE00C474A8 /* Base */,
			);
			name = Main.storyboard;
			sourceTree = "<group>";
		};
		665944F326414BFF00C474A8 /* LaunchScreen.storyboard */ = {
			isa = PBXVariantGroup;
			children = (
				665944F426414BFF00C474A8 /* Base */,
			);
			name = LaunchScreen.storyboard;
			sourceTree = "<group>";
		};
/* End PBXVariantGroup section */

/* Begin XCBuildConfiguration section */
		665944F726414BFF00C474A8 /* Debug */ = {
			isa = XCBuildConfiguration;
			buildSettings = {
				ALWAYS_SEARCH_USER_PATHS = NO;
				CLANG_ANALYZER_NONNULL = YES;
				CLANG_ANALYZER_NUMBER_OBJECT_CONVERSION = YES_AGGRESSIVE;
				CLANG_CXX_LANGUAGE_STANDARD = "gnu++14";
				CLANG_CXX_LIBRARY = "libc++";
				CLANG_ENABLE_MODULES = YES;
				CLANG_ENABLE_OBJC_ARC = YES;
				CLANG_ENABLE_OBJC_WEAK = YES;
				CLANG_WARN_BLOCK_CAPTURE_AUTORELEASING = YES;
				CLANG_WARN_BOOL_CONVERSION = YES;
				CLANG_WARN_COMMA = YES;
				CLANG_WARN_CONSTANT_CONVERSION = YES;
				CLANG_WARN_DEPRECATED_OBJC_IMPLEMENTATIONS = YES;
				CLANG_WARN_DIRECT_OBJC_ISA_USAGE = YES_ERROR;
				CLANG_WARN_DOCUMENTATION_COMMENTS = YES;
				CLANG_WARN_EMPTY_BODY = YES;
				CLANG_WARN_ENUM_CONVERSION = YES;
				CLANG_WARN_INFINITE_RECURSION = YES;
				CLANG_WARN_INT_CONVERSION = YES;
				CLANG_WARN_NON_LITERAL_NULL_CONVERSION = YES;
				CLANG_WARN_OBJC_IMPLICIT_RETAIN_SELF = YES;
				CLANG_WARN_OBJC_LITERAL_CONVERSION = YES;
				CLANG_WARN_OBJC_ROOT_CLASS = YES_ERROR;
				CLANG_WARN_QUOTED_INCLUDE_IN_FRAMEWORK_HEADER = YES;
				CLANG_WARN_RANGE_LOOP_ANALYSIS = YES;
				CLANG_WARN_STRICT_PROTOTYPES = YES;
				CLANG_WARN_SUSPICIOUS_MOVE = YES;
				CLANG_WARN_UNGUARDED_AVAILABILITY = YES_AGGRESSIVE;
				CLANG_WARN_UNREACHABLE_CODE = YES;
				CLANG_WARN__DUPLICATE_METHOD_MATCH = YES;
				COPY_PHASE_STRIP = NO;
				DEBUG_INFORMATION_FORMAT = dwarf;
				ENABLE_STRICT_OBJC_MSGSEND = YES;
				ENABLE_TESTABILITY = YES;
				GCC_C_LANGUAGE_STANDARD = gnu11;
				GCC_DYNAMIC_NO_PIC = NO;
				GCC_NO_COMMON_BLOCKS = YES;
				GCC_OPTIMIZATION_LEVEL = 0;
				GCC_PREPROCESSOR_DEFINITIONS = (
					"DEBUG=1",
					"$(inherited)",
				);
				GCC_WARN_64_TO_32_BIT_CONVERSION = YES;
				GCC_WARN_ABOUT_RETURN_TYPE = YES_ERROR;
				GCC_WARN_UNDECLARED_SELECTOR = YES;
				GCC_WARN_UNINITIALIZED_AUTOS = YES_AGGRESSIVE;
				GCC_WARN_UNUSED_FUNCTION = YES;
				GCC_WARN_UNUSED_VARIABLE = YES;
				IPHONEOS_DEPLOYMENT_TARGET = 14.4;
				MTL_ENABLE_DEBUG_INFO = INCLUDE_SOURCE;
				MTL_FAST_MATH = YES;
				ONLY_ACTIVE_ARCH = YES;
				SDKROOT = iphoneos;
				SWIFT_ACTIVE_COMPILATION_CONDITIONS = DEBUG;
				SWIFT_OPTIMIZATION_LEVEL = "-Onone";
			};
			name = Debug;
		};
		665944F826414BFF00C474A8 /* Release */ = {
			isa = XCBuildConfiguration;
			buildSettings = {
				ALWAYS_SEARCH_USER_PATHS = NO;
				CLANG_ANALYZER_NONNULL = YES;
				CLANG_ANALYZER_NUMBER_OBJECT_CONVERSION = YES_AGGRESSIVE;
				CLANG_CXX_LANGUAGE_STANDARD = "gnu++14";
				CLANG_CXX_LIBRARY = "libc++";
				CLANG_ENABLE_MODULES = YES;
				CLANG_ENABLE_OBJC_ARC = YES;
				CLANG_ENABLE_OBJC_WEAK = YES;
				CLANG_WARN_BLOCK_CAPTURE_AUTORELEASING = YES;
				CLANG_WARN_BOOL_CONVERSION = YES;
				CLANG_WARN_COMMA = YES;
				CLANG_WARN_CONSTANT_CONVERSION = YES;
				CLANG_WARN_DEPRECATED_OBJC_IMPLEMENTATIONS = YES;
				CLANG_WARN_DIRECT_OBJC_ISA_USAGE = YES_ERROR;
				CLANG_WARN_DOCUMENTATION_COMMENTS = YES;
				CLANG_WARN_EMPTY_BODY = YES;
				CLANG_WARN_ENUM_CONVERSION = YES;
				CLANG_WARN_INFINITE_RECURSION = YES;
				CLANG_WARN_INT_CONVERSION = YES;
				CLANG_WARN_NON_LITERAL_NULL_CONVERSION = YES;
				CLANG_WARN_OBJC_IMPLICIT_RETAIN_SELF = YES;
				CLANG_WARN_OBJC_LITERAL_CONVERSION = YES;
				CLANG_WARN_OBJC_ROOT_CLASS = YES_ERROR;
				CLANG_WARN_QUOTED_INCLUDE_IN_FRAMEWORK_HEADER = YES;
				CLANG_WARN_RANGE_LOOP_ANALYSIS = YES;
				CLANG_WARN_STRICT_PROTOTYPES = YES;
				CLANG_WARN_SUSPICIOUS_MOVE = YES;
				CLANG_WARN_UNGUARDED_AVAILABILITY = YES_AGGRESSIVE;
				CLANG_WARN_UNREACHABLE_CODE = YES;
				CLANG_WARN__DUPLICATE_METHOD_MATCH = YES;
				COPY_PHASE_STRIP = NO;
				DEBUG_INFORMATION_FORMAT = "dwarf-with-dsym";
				ENABLE_NS_ASSERTIONS = NO;
				ENABLE_STRICT_OBJC_MSGSEND = YES;
				GCC_C_LANGUAGE_STANDARD = gnu11;
				GCC_NO_COMMON_BLOCKS = YES;
				GCC_WARN_64_TO_32_BIT_CONVERSION = YES;
				GCC_WARN_ABOUT_RETURN_TYPE = YES_ERROR;
				GCC_WARN_UNDECLARED_SELECTOR = YES;
				GCC_WARN_UNINITIALIZED_AUTOS = YES_AGGRESSIVE;
				GCC_WARN_UNUSED_FUNCTION = YES;
				GCC_WARN_UNUSED_VARIABLE = YES;
				IPHONEOS_DEPLOYMENT_TARGET = 14.4;
				MTL_ENABLE_DEBUG_INFO = NO;
				MTL_FAST_MATH = YES;
				SDKROOT = iphoneos;
				SWIFT_COMPILATION_MODE = wholemodule;
				SWIFT_OPTIMIZATION_LEVEL = "-O";
				VALIDATE_PRODUCT = YES;
			};
			name = Release;
		};
		665944FA26414BFF00C474A8 /* Debug */ = {
			isa = XCBuildConfiguration;
			buildSettings = {
				ASSETCATALOG_COMPILER_APPICON_NAME = AppIcon;
				ASSETCATALOG_COMPILER_GLOBAL_ACCENT_COLOR_NAME = AccentColor;
				CODE_SIGN_STYLE = Automatic;
				DEVELOPMENT_TEAM = Z839S848GQ;
				INFOPLIST_FILE = "W8-URLSession/Info.plist";
				LD_RUNPATH_SEARCH_PATHS = (
					"$(inherited)",
					"@executable_path/Frameworks",
				);
				PRODUCT_BUNDLE_IDENTIFIER = "com.vankhanhvuong.DemoUI.W8-URLSession";
				PRODUCT_NAME = "$(TARGET_NAME)";
				SWIFT_VERSION = 5.0;
				TARGETED_DEVICE_FAMILY = "1,2";
			};
			name = Debug;
		};
		665944FB26414BFF00C474A8 /* Release */ = {
			isa = XCBuildConfiguration;
			buildSettings = {
				ASSETCATALOG_COMPILER_APPICON_NAME = AppIcon;
				ASSETCATALOG_COMPILER_GLOBAL_ACCENT_COLOR_NAME = AccentColor;
				CODE_SIGN_STYLE = Automatic;
				DEVELOPMENT_TEAM = Z839S848GQ;
				INFOPLIST_FILE = "W8-URLSession/Info.plist";
				LD_RUNPATH_SEARCH_PATHS = (
					"$(inherited)",
					"@executable_path/Frameworks",
				);
				PRODUCT_BUNDLE_IDENTIFIER = "com.vankhanhvuong.DemoUI.W8-URLSession";
				PRODUCT_NAME = "$(TARGET_NAME)";
				SWIFT_VERSION = 5.0;
				TARGETED_DEVICE_FAMILY = "1,2";
			};
			name = Release;
		};
/* End XCBuildConfiguration section */

/* Begin XCConfigurationList section */
		665944E026414BFE00C474A8 /* Build configuration list for PBXProject "W8-URLSession" */ = {
			isa = XCConfigurationList;
			buildConfigurations = (
				665944F726414BFF00C474A8 /* Debug */,
				665944F826414BFF00C474A8 /* Release */,
			);
			defaultConfigurationIsVisible = 0;
			defaultConfigurationName = Release;
		};
		665944F926414BFF00C474A8 /* Build configuration list for PBXNativeTarget "W8-URLSession" */ = {
			isa = XCConfigurationList;
			buildConfigurations = (
				665944FA26414BFF00C474A8 /* Debug */,
				665944FB26414BFF00C474A8 /* Release */,
			);
			defaultConfigurationIsVisible = 0;
			defaultConfigurationName = Release;
		};
/* End XCConfigurationList section */
	};
	rootObject = 665944DD26414BFE00C474A8 /* Project object */;
}
